
Microsoft Visual Studio Solution File, Format Version 12.00
# Visual Studio 15
VisualStudioVersion = 15.0.26124.0
MinimumVisualStudioVersion = 15.0.26124.0
Project("{2150E333-8FDC-42A3-9474-1A3956D46DE8}") = "src", "src", "{006C2CBC-A153-4E0D-B37F-3F2D2519CD01}"
EndProject
Project("{FAE04EC0-301F-11D3-BF4B-00C04F79EFBC}") = "cave-core", "src\core\cave-core.csproj", "{84F8F1BE-A00F-488C-8991-055D99161CA2}"
EndProject
Project("{FAE04EC0-301F-11D3-BF4B-00C04F79EFBC}") = "cave-server", "src\server\cave-server.csproj", "{972D6AF1-81FD-4240-9485-A5C05256F112}"
EndProject
Global
	GlobalSection(SolutionConfigurationPlatforms) = preSolution
		Debug|Any CPU = Debug|Any CPU
		Debug|x64 = Debug|x64
		Debug|x86 = Debug|x86
		Release|Any CPU = Release|Any CPU
		Release|x64 = Release|x64
		Release|x86 = Release|x86
	EndGlobalSection
	GlobalSection(SolutionProperties) = preSolution
		HideSolutionNode = FALSE
	EndGlobalSection
	GlobalSection(ProjectConfigurationPlatforms) = postSolution
		{84F8F1BE-A00F-488C-8991-055D99161CA2}.Debug|Any CPU.ActiveCfg = Debug|Any CPU
		{84F8F1BE-A00F-488C-8991-055D99161CA2}.Debug|Any CPU.Build.0 = Debug|Any CPU
		{84F8F1BE-A00F-488C-8991-055D99161CA2}.Debug|x64.ActiveCfg = Debug|Any CPU
		{84F8F1BE-A00F-488C-8991-055D99161CA2}.Debug|x64.Build.0 = Debug|Any CPU
		{84F8F1BE-A00F-488C-8991-055D99161CA2}.Debug|x86.ActiveCfg = Debug|Any CPU
		{84F8F1BE-A00F-488C-8991-055D99161CA2}.Debug|x86.Build.0 = Debug|Any CPU
		{84F8F1BE-A00F-488C-8991-055D99161CA2}.Release|Any CPU.ActiveCfg = Release|Any CPU
		{84F8F1BE-A00F-488C-8991-055D99161CA2}.Release|Any CPU.Build.0 = Release|Any CPU
		{84F8F1BE-A00F-488C-8991-055D99161CA2}.Release|x64.ActiveCfg = Release|Any CPU
		{84F8F1BE-A00F-488C-8991-055D99161CA2}.Release|x64.Build.0 = Release|Any CPU
		{84F8F1BE-A00F-488C-8991-055D99161CA2}.Release|x86.ActiveCfg = Release|Any CPU
		{84F8F1BE-A00F-488C-8991-055D99161CA2}.Release|x86.Build.0 = Release|Any CPU
		{972D6AF1-81FD-4240-9485-A5C05256F112}.Debug|Any CPU.ActiveCfg = Debug|Any CPU
		{972D6AF1-81FD-4240-9485-A5C05256F112}.Debug|Any CPU.Build.0 = Debug|Any CPU
		{972D6AF1-81FD-4240-9485-A5C05256F112}.Debug|x64.ActiveCfg = Debug|Any CPU
		{972D6AF1-81FD-4240-9485-A5C05256F112}.Debug|x64.Build.0 = Debug|Any CPU
		{972D6AF1-81FD-4240-9485-A5C05256F112}.Debug|x86.ActiveCfg = Debug|Any CPU
		{972D6AF1-81FD-4240-9485-A5C05256F112}.Debug|x86.Build.0 = Debug|Any CPU
		{972D6AF1-81FD-4240-9485-A5C05256F112}.Release|Any CPU.ActiveCfg = Release|Any CPU
		{972D6AF1-81FD-4240-9485-A5C05256F112}.Release|Any CPU.Build.0 = Release|Any CPU
		{972D6AF1-81FD-4240-9485-A5C05256F112}.Release|x64.ActiveCfg = Release|Any CPU
		{972D6AF1-81FD-4240-9485-A5C05256F112}.Release|x64.Build.0 = Release|Any CPU
		{972D6AF1-81FD-4240-9485-A5C05256F112}.Release|x86.ActiveCfg = Release|Any CPU
		{972D6AF1-81FD-4240-9485-A5C05256F112}.Release|x86.Build.0 = Release|Any CPU
	EndGlobalSection
	GlobalSection(NestedProjects) = preSolution
		{84F8F1BE-A00F-488C-8991-055D99161CA2} = {006C2CBC-A153-4E0D-B37F-3F2D2519CD01}
		{972D6AF1-81FD-4240-9485-A5C05256F112} = {006C2CBC-A153-4E0D-B37F-3F2D2519CD01}
	EndGlobalSection
EndGlobal
